
Microsoft Visual Studio Solution File, Format Version 12.00
# Visual Studio Version 17
VisualStudioVersion = 17.5.33424.131
MinimumVisualStudioVersion = 10.0.40219.1
Project("{FAE04EC0-301F-11D3-BF4B-00C04F79EFBC}") = "ProgramaString", "ProgramaString\ProgramaString.csproj", "{3C8B39B6-690E-44DD-AEEE-ECE4F5E3BD40}"
EndProject
Global
	GlobalSection(SolutionConfigurationPlatforms) = preSolution
		Debug|Any CPU = Debug|Any CPU
		Release|Any CPU = Release|Any CPU
	EndGlobalSection
	GlobalSection(ProjectConfigurationPlatforms) = postSolution
		{3C8B39B6-690E-44DD-AEEE-ECE4F5E3BD40}.Debug|Any CPU.ActiveCfg = Debug|Any CPU
		{3C8B39B6-690E-44DD-AEEE-ECE4F5E3BD40}.Debug|Any CPU.Build.0 = Debug|Any CPU
		{3C8B39B6-690E-44DD-AEEE-ECE4F5E3BD40}.Release|Any CPU.ActiveCfg = Release|Any CPU
		{3C8B39B6-690E-44DD-AEEE-ECE4F5E3BD40}.Release|Any CPU.Build.0 = Release|Any CPU
	EndGlobalSection
	GlobalSection(SolutionProperties) = preSolution
		HideSolutionNode = FALSE
	EndGlobalSection
	GlobalSection(ExtensibilityGlobals) = postSolution
		SolutionGuid = {70B0CD9F-78F4-4E28-A3B5-05A29C273793}
	EndGlobalSection
EndGlobal
